github.com/davecgh/go-spew v1.1.0/go.mod h1:J7Y8YcW2NihsgmVo/mv3lAwl/skON4iLHjSsI+c5H38=
github.com/davecgh/go-spew v1.1.1 h1:vj9j/u1bqnvCEfJOwUhtlOARqs3+rkHYY13jYWTU97c=
github.com/davecgh/go-spew v1.1.1/go.mod h1:J7Y8YcW2NihsgmVo/mv3lAwl/skON4iLHjSsI+c5H38=
github.com/gophertest/build v0.0.0-20191124083122-b481c836169e h1:p/+LqViVIXNOVIYVwPFHrb1tFniOc6iSYIR/wqfO/l4=
github.com/gophertest/build v0.0.0-20191124083122-b481c836169e/go.mod h1:2IXxYH8f08Z35rtHf1QWx60lvwB6xdA6wO9PktB5TIc=
github.com/gophertest/build v0.0.0-20191124100913-8de77176e2b0 h1:JrW4rQpNs39XtBH3lpOBQkmln1ylAgPjILsfpHDqW1Q=
github.com/gophertest/build v0.0.0-20191124100913-8de77176e2b0/go.mod h1:2IXxYH8f08Z35rtHf1QWx60lvwB6xdA6wO9PktB5TIc=
github.com/gophertest/build v0.0.0-20191124101335-fad8d897078b h1:CIIEZZ5MkrhRxcN2ZF5plICJNVK5BhAnaENRVBV767s=
github.com/gophertest/build v0.0.0-20191124101335-fad8d897078b/go.mod h1:2IXxYH8f08Z35rtHf1QWx60lvwB6xdA6wO9PktB5TIc=
github.com/gophertest/build v0.0.0-20191124102127-f9c5c47bf44f h1:RDCy2umOeyZmVWyfq241dkMdMWjSUTCu2eUpM1TDtP0=
github.com/gophertest/build v0.0.0-20191124102127-f9c5c47bf44f/go.mod h1:2IXxYH8f08Z35rtHf1QWx60lvwB6xdA6wO9PktB5TIc=
github.com/pmezard/go-difflib v1.0.0/go.mod h1:iKH77koFhYxTK1pcRnkKkqfTogsbg7gZNVY4sRDYZ/4=
github.com/stretchr/objx v0.1.0/go.mod h1:HFkY916IF+rwdDfMAkV7OtwuqBVzrE8GR6GFx+wExME=
github.com/stretchr/testify v1.4.0/go.mod h1:j7eGeouHqKxXV5pUuKE4zz7dFj8WfuZ+81PSLYec5m4=
golang.org/x/sync v0.0.0-20190423024810-112230192c58 h1:8gQV6CLnAEikrhgkHFbMAEhagSSnXWGV915qUMm9mrU=
golang.org/x/sync v0.0.0-20190423024810-112230192c58/go.mod h1:RxMgew5VJxzue5/jJTE5uejpjVlOe/izrB70Jof72aM=
gopkg.in/check.v1 v0.0.0-20161208181325-20d25e280405/go.mod h1:Co6ibVJAznAaIkqp8huTwlJQCZ016jof/cbN4VW5Yz0=
gopkg.in/yaml.v2 v2.2.2/go.mod h1:hI93XBmqTisBFMUTm0b8Fm+jr3Dg1NNxqwp+5A1VGuI=
